# This file is automatically @generated by Cargo.
# It is not intended for manual editing.
[[package]]
name = "bumpalo"
version = "3.2.1"
source = "registry+https://github.com/rust-lang/crates.io-index"

[[package]]
name = "cfg-if"
version = "0.1.10"
source = "registry+https://github.com/rust-lang/crates.io-index"

[[package]]
name = "lazy_static"
version = "1.4.0"
source = "registry+https://github.com/rust-lang/crates.io-index"

[[package]]
name = "log"
version = "0.4.8"
source = "registry+https://github.com/rust-lang/crates.io-index"
dependencies = [
 "cfg-if 0.1.10 (registry+https://github.com/rust-lang/crates.io-index)",
]

[[package]]
name = "peg"
version = "0.6.2"
source = "registry+https://github.com/rust-lang/crates.io-index"
dependencies = [
 "peg-macros 0.6.2 (registry+https://github.com/rust-lang/crates.io-index)",
 "peg-runtime 0.6.2 (registry+https://github.com/rust-lang/crates.io-index)",
]

[[package]]
name = "peg-macros"
version = "0.6.2"
source = "registry+https://github.com/rust-lang/crates.io-index"
dependencies = [
 "peg-runtime 0.6.2 (registry+https://github.com/rust-lang/crates.io-index)",
 "proc-macro2 1.0.10 (registry+https://github.com/rust-lang/crates.io-index)",
 "quote 1.0.3 (registry+https://github.com/rust-lang/crates.io-index)",
]

[[package]]
name = "peg-runtime"
version = "0.6.2"
source = "registry+https://github.com/rust-lang/crates.io-index"

[[package]]
name = "proc-macro2"
version = "1.0.10"
source = "registry+https://github.com/rust-lang/crates.io-index"
dependencies = [
 "unicode-xid 0.2.0 (registry+https://github.com/rust-lang/crates.io-index)",
]

[[package]]
name = "pyret-parse"
version = "0.1.0"
dependencies = [
 "peg 0.6.2 (registry+https://github.com/rust-lang/crates.io-index)",
 "wasm-bindgen 0.2.61 (registry+https://github.com/rust-lang/crates.io-index)",
]

[[package]]
name = "quote"
version = "1.0.3"
source = "registry+https://github.com/rust-lang/crates.io-index"
dependencies = [
 "proc-macro2 1.0.10 (registry+https://github.com/rust-lang/crates.io-index)",
]

[[package]]
name = "syn"
version = "1.0.18"
source = "registry+https://github.com/rust-lang/crates.io-index"
dependencies = [
 "proc-macro2 1.0.10 (registry+https://github.com/rust-lang/crates.io-index)",
 "quote 1.0.3 (registry+https://github.com/rust-lang/crates.io-index)",
 "unicode-xid 0.2.0 (registry+https://github.com/rust-lang/crates.io-index)",
]

[[package]]
name = "unicode-xid"
version = "0.2.0"
source = "registry+https://github.com/rust-lang/crates.io-index"

[[package]]
name = "wasm-bindgen"
version = "0.2.61"
source = "registry+https://github.com/rust-lang/crates.io-index"
dependencies = [
 "cfg-if 0.1.10 (registry+https://github.com/rust-lang/crates.io-index)",
 "wasm-bindgen-macro 0.2.61 (registry+https://github.com/rust-lang/crates.io-index)",
]

[[package]]
name = "wasm-bindgen-backend"
version = "0.2.61"
source = "registry+https://github.com/rust-lang/crates.io-index"
dependencies = [
 "bumpalo 3.2.1 (registry+https://github.com/rust-lang/crates.io-index)",
 "lazy_static 1.4.0 (registry+https://github.com/rust-lang/crates.io-index)",
 "log 0.4.8 (registry+https://github.com/rust-lang/crates.io-index)",
 "proc-macro2 1.0.10 (registry+https://github.com/rust-lang/crates.io-index)",
 "quote 1.0.3 (registry+https://github.com/rust-lang/crates.io-index)",
 "syn 1.0.18 (registry+https://github.com/rust-lang/crates.io-index)",
 "wasm-bindgen-shared 0.2.61 (registry+https://github.com/rust-lang/crates.io-index)",
]

[[package]]
name = "wasm-bindgen-macro"
version = "0.2.61"
source = "registry+https://github.com/rust-lang/crates.io-index"
dependencies = [
 "quote 1.0.3 (registry+https://github.com/rust-lang/crates.io-index)",
 "wasm-bindgen-macro-support 0.2.61 (registry+https://github.com/rust-lang/crates.io-index)",
]

[[package]]
name = "wasm-bindgen-macro-support"
version = "0.2.61"
source = "registry+https://github.com/rust-lang/crates.io-index"
dependencies = [
 "proc-macro2 1.0.10 (registry+https://github.com/rust-lang/crates.io-index)",
 "quote 1.0.3 (registry+https://github.com/rust-lang/crates.io-index)",
 "syn 1.0.18 (registry+https://github.com/rust-lang/crates.io-index)",
 "wasm-bindgen-backend 0.2.61 (registry+https://github.com/rust-lang/crates.io-index)",
 "wasm-bindgen-shared 0.2.61 (registry+https://github.com/rust-lang/crates.io-index)",
]

[[package]]
name = "wasm-bindgen-shared"
version = "0.2.61"
source = "registry+https://github.com/rust-lang/crates.io-index"

[metadata]
"checksum bumpalo 3.2.1 (registry+https://github.com/rust-lang/crates.io-index)" = "12ae9db68ad7fac5fe51304d20f016c911539251075a214f8e663babefa35187"
"checksum cfg-if 0.1.10 (registry+https://github.com/rust-lang/crates.io-index)" = "4785bdd1c96b2a846b2bd7cc02e86b6b3dbf14e7e53446c4f54c92a361040822"
"checksum lazy_static 1.4.0 (registry+https://github.com/rust-lang/crates.io-index)" = "e2abad23fbc42b3700f2f279844dc832adb2b2eb069b2df918f455c4e18cc646"
"checksum log 0.4.8 (registry+https://github.com/rust-lang/crates.io-index)" = "14b6052be84e6b71ab17edffc2eeabf5c2c3ae1fdb464aae35ac50c67a44e1f7"
"checksum peg 0.6.2 (registry+https://github.com/rust-lang/crates.io-index)" = "9075875c14bb21f25f11cad4b6ad2e4dd443b8fb83900b2fbdd6ebd744b82e97"
"checksum peg-macros 0.6.2 (registry+https://github.com/rust-lang/crates.io-index)" = "c24c165fd39e995246140cc78df55c56c6733ba87e6658cb3e197b8856c62852"
"checksum peg-runtime 0.6.2 (registry+https://github.com/rust-lang/crates.io-index)" = "0c1a2897e69d986c7986747ebad425cf03746ec5e3e09bb3b2600f91301ba864"
"checksum proc-macro2 1.0.10 (registry+https://github.com/rust-lang/crates.io-index)" = "df246d292ff63439fea9bc8c0a270bed0e390d5ebd4db4ba15aba81111b5abe3"
"checksum quote 1.0.3 (registry+https://github.com/rust-lang/crates.io-index)" = "2bdc6c187c65bca4260c9011c9e3132efe4909da44726bad24cf7572ae338d7f"
"checksum syn 1.0.18 (registry+https://github.com/rust-lang/crates.io-index)" = "410a7488c0a728c7ceb4ad59b9567eb4053d02e8cc7f5c0e0eeeb39518369213"
"checksum unicode-xid 0.2.0 (registry+https://github.com/rust-lang/crates.io-index)" = "826e7639553986605ec5979c7dd957c7895e93eabed50ab2ffa7f6128a75097c"
"checksum wasm-bindgen 0.2.61 (registry+https://github.com/rust-lang/crates.io-index)" = "f56e97dbea16d5f56549d6c8ea7f36efb6be98507308650c1a5970574b3941b9"
"checksum wasm-bindgen-backend 0.2.61 (registry+https://github.com/rust-lang/crates.io-index)" = "7b75d4f3f9b81dfc7d66b955876b325b20e8affd4ce8d93e51162626fc5faadb"
"checksum wasm-bindgen-macro 0.2.61 (registry+https://github.com/rust-lang/crates.io-index)" = "9dcde4b19e863521c1e78ecf100935132396291b09ae0ae2e155ff84ccbe9736"
"checksum wasm-bindgen-macro-support 0.2.61 (registry+https://github.com/rust-lang/crates.io-index)" = "13d87d2b117af2b86472402d70f7eb173bbe166beb5e727f3c0bebecdf356504"
"checksum wasm-bindgen-shared 0.2.61 (registry+https://github.com/rust-lang/crates.io-index)" = "71f77b681efd0bca6f8ea356cdc2e497538b41d3e2a02afed18ce8f022231d29"
